
Microsoft Visual Studio Solution File, Format Version 12.00
# Visual Studio Version 17
VisualStudioVersion = 17.2.32630.192
MinimumVisualStudioVersion = 10.0.40219.1
Project("{FAE04EC0-301F-11D3-BF4B-00C04F79EFBC}") = "Senko", "Senko\Senko.csproj", "{083C6920-D847-4C14-A52C-B8843700800A}"
EndProject
Project("{FAE04EC0-301F-11D3-BF4B-00C04F79EFBC}") = "Data", "Data\Data.csproj", "{4859DF4E-0213-4546-A70D-481D533C85F9}"
EndProject
Global
	GlobalSection(SolutionConfigurationPlatforms) = preSolution
		Debug|Any CPU = Debug|Any CPU
		Release|Any CPU = Release|Any CPU
	EndGlobalSection
	GlobalSection(ProjectConfigurationPlatforms) = postSolution
		{083C6920-D847-4C14-A52C-B8843700800A}.Debug|Any CPU.ActiveCfg = Debug|Any CPU
		{083C6920-D847-4C14-A52C-B8843700800A}.Debug|Any CPU.Build.0 = Debug|Any CPU
		{083C6920-D847-4C14-A52C-B8843700800A}.Release|Any CPU.ActiveCfg = Release|Any CPU
		{083C6920-D847-4C14-A52C-B8843700800A}.Release|Any CPU.Build.0 = Release|Any CPU
		{4859DF4E-0213-4546-A70D-481D533C85F9}.Debug|Any CPU.ActiveCfg = Debug|Any CPU
		{4859DF4E-0213-4546-A70D-481D533C85F9}.Debug|Any CPU.Build.0 = Debug|Any CPU
		{4859DF4E-0213-4546-A70D-481D533C85F9}.Release|Any CPU.ActiveCfg = Release|Any CPU
		{4859DF4E-0213-4546-A70D-481D533C85F9}.Release|Any CPU.Build.0 = Release|Any CPU
	EndGlobalSection
	GlobalSection(SolutionProperties) = preSolution
		HideSolutionNode = FALSE
	EndGlobalSection
	GlobalSection(ExtensibilityGlobals) = postSolution
		SolutionGuid = {1FCC4B9F-FF2A-4D40-B2DB-E2EA4D7D84C3}
	EndGlobalSection
EndGlobal
